{
    "_readme": [
        "This file locks the dependencies of your project to a known state",
        "Read more about it at https://getcomposer.org/doc/01-basic-usage.md#composer-lock-the-lock-file",
        "This file is @generated automatically"
    ],
    "hash": "9df4eabd208d2c3f455f2b4a1578dcbd",
    "content-hash": "43665042fe6b72f41449b73f6cbb79ad",
    "packages": [
        {
            "name": "codeigniter/framework",
            "version": "3.0.4",
            "source": {
                "type": "git",
                "url": "https://github.com/bcit-ci/CodeIgniter.git",
                "reference": "ac067858c21250dd8c60cdc1f9bc12ba2ff82755"
            },
            "dist": {
                "type": "zip",
                "url": "https://api.github.com/repos/bcit-ci/CodeIgniter/zipball/ac067858c21250dd8c60cdc1f9bc12ba2ff82755",
                "reference": "ac067858c21250dd8c60cdc1f9bc12ba2ff82755",
                "shasum": ""
            },
            "require": {
                "php": ">=5.2.4"
            },
            "require-dev": {
                "mikey179/vfsstream": "1.1.*"
            },
            "type": "project",
            "notification-url": "https://packagist.org/downloads/",
            "license": [
                "MIT"
            ],
            "description": "The CodeIgniter framework",
            "homepage": "https://codeigniter.com",
            "time": "2016-01-13 00:09:27"
        },
        {
            "name": "kartik-v/bootstrap-star-rating",
            "version": "dev-master",
            "source": {
                "type": "git",
                "url": "https://github.com/kartik-v/bootstrap-star-rating.git",
                "reference": "a28cb9186e17c5290e9f3f82382ed255e8f26d25"
            },
            "dist": {
                "type": "zip",
                "url": "https://api.github.com/repos/kartik-v/bootstrap-star-rating/zipball/a28cb9186e17c5290e9f3f82382ed255e8f26d25",
                "reference": "a28cb9186e17c5290e9f3f82382ed255e8f26d25",
                "shasum": ""
            },
            "type": "library",
            "extra": {
                "branch-alias": {
                    "dev-master": "3.5.x-dev"
                }
            },
            "autoload": {
                "psr-4": {
                    "kartik\\plugins\\rating\\": ""
                }
            },
            "notification-url": "https://packagist.org/downloads/",
            "license": [
                "BSD-3-Clause"
            ],
            "authors": [
                {
                    "name": "Kartik Visweswaran",
                    "email": "kartikv2@gmail.com",
                    "homepage": "http://www.krajee.com/"
                }
            ],
            "description": "A simple yet powerful JQuery star rating plugin for Bootstrap.",
            "homepage": "https://github.com/kartik-v/bootstrap-star-rating",
            "keywords": [
                "Rating",
                "bootstrap",
                "jquery",
                "star"
            ],
            "time": "2016-02-05 18:18:55"
        }
    ],
    "packages-dev": [
        {
            "name": "mikey179/vfsStream",
            "version": "v1.1.0",
            "source": {
                "type": "git",
                "url": "https://github.com/mikey179/vfsStream.git",
                "reference": "fc0fe8f4d0b527254a2dc45f0c265567c881d07e"
            },
            "dist": {
                "type": "zip",
                "url": "https://api.github.com/repos/mikey179/vfsStream/zipball/fc0fe8f4d0b527254a2dc45f0c265567c881d07e",
                "reference": "fc0fe8f4d0b527254a2dc45f0c265567c881d07e",
                "shasum": ""
            },
            "require": {
                "php": ">=5.3.0"
            },
            "type": "library",
            "autoload": {
                "psr-0": {
                    "org\\bovigo\\vfs": "src/main/php"
                }
            },
            "notification-url": "https://packagist.org/downloads/",
            "license": [
                "BSD"
            ],
            "homepage": "http://vfs.bovigo.org/",
            "time": "2012-08-25 12:49:29"
        }
    ],
    "aliases": [],
    "minimum-stability": "stable",
    "stability-flags": {
        "kartik-v/bootstrap-star-rating": 20
    },
    "prefer-stable": false,
    "prefer-lowest": false,
    "platform": {
        "php": ">=5.3.2"
    },
    "platform-dev": []
}
